Microsoft Visual Studio Solution File, Format Version 12.00
# Visual Studio Version 17
VisualStudioVersion = 17.5.2.0
MinimumVisualStudioVersion = 10.0.40219.1
Project("{FAE04EC0-301F-11D3-BF4B-00C04F79EFBC}") = "GsproMissionControl", "GsproMissionControl.csproj", "{444816E2-949B-5165-A63C-5C5E4653C65C}"
EndProject
Global
	GlobalSection(SolutionConfigurationPlatforms) = preSolution
		Debug|Any CPU = Debug|Any CPU
		Release|Any CPU = Release|Any CPU
	EndGlobalSection
	GlobalSection(ProjectConfigurationPlatforms) = postSolution
		{444816E2-949B-5165-A63C-5C5E4653C65C}.Debug|Any CPU.ActiveCfg = Debug|Any CPU
		{444816E2-949B-5165-A63C-5C5E4653C65C}.Debug|Any CPU.Build.0 = Debug|Any CPU
		{444816E2-949B-5165-A63C-5C5E4653C65C}.Release|Any CPU.ActiveCfg = Release|Any CPU
		{444816E2-949B-5165-A63C-5C5E4653C65C}.Release|Any CPU.Build.0 = Release|Any CPU
	EndGlobalSection
	GlobalSection(SolutionProperties) = preSolution
		HideSolutionNode = FALSE
	EndGlobalSection
	GlobalSection(ExtensibilityGlobals) = postSolution
		SolutionGuid = {AF3AD708-FD91-4A26-81B4-16F11607E651}
	EndGlobalSection
EndGlobal
